
Microsoft Visual Studio Solution File, Format Version 12.00
# Visual Studio Version 17
VisualStudioVersion = 17.8.34525.116
MinimumVisualStudioVersion = 10.0.40219.1
Project("{9A19103F-16F7-4668-BE54-9A1E7A4F7556}") = "Homework 1-Diagrams", "Homework 1-Diagrams.csproj", "{267940E0-F027-4A9B-AE80-6C73D4C4DED0}"
EndProject
Global
	GlobalSection(SolutionConfigurationPlatforms) = preSolution
		Debug|Any CPU = Debug|Any CPU
		Release|Any CPU = Release|Any CPU
	EndGlobalSection
	GlobalSection(ProjectConfigurationPlatforms) = postSolution
		{267940E0-F027-4A9B-AE80-6C73D4C4DED0}.Debug|Any CPU.ActiveCfg = Debug|Any CPU
		{267940E0-F027-4A9B-AE80-6C73D4C4DED0}.Debug|Any CPU.Build.0 = Debug|Any CPU
		{267940E0-F027-4A9B-AE80-6C73D4C4DED0}.Release|Any CPU.ActiveCfg = Release|Any CPU
		{267940E0-F027-4A9B-AE80-6C73D4C4DED0}.Release|Any CPU.Build.0 = Release|Any CPU
	EndGlobalSection
	GlobalSection(SolutionProperties) = preSolution
		HideSolutionNode = FALSE
	EndGlobalSection
	GlobalSection(ExtensibilityGlobals) = postSolution
		SolutionGuid = {708DCA8C-568B-42A7-9032-0B7B180D5EC5}
	EndGlobalSection
EndGlobal
